
Microsoft Visual Studio Solution File, Format Version 12.00
# Visual Studio 2012
Project("{FAE04EC0-301F-11D3-BF4B-00C04F79EFBC}") = "Test._BoBo", "Test._BoBo\Test._BoBo.csproj", "{483FC951-CF87-46EE-9ADC-B5797C515ED7}"
EndProject
Project("{FAE04EC0-301F-11D3-BF4B-00C04F79EFBC}") = "种设计模式_23种", "Test_Study_01\种设计模式_23种.csproj", "{83035ACC-C844-4F1D-86B9-9570F2948C76}"
EndProject
Project("{2150E333-8FDC-42A3-9474-1A3956D46DE8}") = "DDDCompany.Web", "DDDCompany.Web", "{17DD7789-BD98-4F07-872F-204863BA21C9}"
EndProject
Project("{2150E333-8FDC-42A3-9474-1A3956D46DE8}") = "DDDCompany.Application", "DDDCompany.Application", "{3AFF6C54-DFCD-45E5-814B-3662B298A55D}"
EndProject
Project("{2150E333-8FDC-42A3-9474-1A3956D46DE8}") = "DDDCompany.Infrastructure", "DDDCompany.Infrastructure", "{87E36B19-D8E1-49D4-BBD9-35C25F45FB75}"
EndProject
Project("{2150E333-8FDC-42A3-9474-1A3956D46DE8}") = "DDDCompany.Domain", "DDDCompany.Domain", "{92BCFE6A-4070-4D74-88B3-95BD4831E7FA}"
	ProjectSection(SolutionItems) = preProject
		DDDCompany.Domain\Readme.txt = DDDCompany.Domain\Readme.txt
	EndProjectSection
EndProject
Project("{FAE04EC0-301F-11D3-BF4B-00C04F79EFBC}") = "DDDCompany.WebUI", "DDDCompany.WebUI\DDDCompany.WebUI.csproj", "{565F4DEB-F0FB-4002-A499-2FC1920FB161}"
EndProject
Project("{FAE04EC0-301F-11D3-BF4B-00C04F79EFBC}") = "DDDCompany.WCF.Service", "DDDCompany.Application\DDDCompany.WCF.Service.csproj", "{4AF4EBA6-6687-4AC9-81DD-C857ABA63B99}"
EndProject
Project("{FAE04EC0-301F-11D3-BF4B-00C04F79EFBC}") = "DDDCompany.Domain", "DDDCompany.Domain\DDDCompany.Domain.csproj", "{546CD59D-ACE1-4C0D-915B-C9FC4853A501}"
EndProject
Project("{FAE04EC0-301F-11D3-BF4B-00C04F79EFBC}") = "DDDCompany.DtoModel", "DDDCompany.DtoModel\DDDCompany.DtoModel.csproj", "{636F22DC-E2CB-44EC-A032-C69336177812}"
EndProject
Project("{FAE04EC0-301F-11D3-BF4B-00C04F79EFBC}") = "DDDCompany.Infrastructure", "DDDCompany.Infrastructure\DDDCompany.Infrastructure.csproj", "{7C618F81-4935-4E17-B10C-13E1601D2F20}"
EndProject
Project("{FAE04EC0-301F-11D3-BF4B-00C04F79EFBC}") = "DDDCompany.Utility", "DDDCompany.Utility\DDDCompany.Utility.csproj", "{B20E36EF-03A1-4852-8C7B-0516946DDE45}"
EndProject
Project("{F088123C-0E9E-452A-89E6-6BA2F21D5CAC}") = "PDDD.Design", "DDD.Design\PDDD.Design.modelproj", "{A04C454C-FC30-4C2A-899F-5A810D24415B}"
EndProject
Project("{2150E333-8FDC-42A3-9474-1A3956D46DE8}") = "DDDDCompany_Test", "DDDDCompany_Test", "{F03E1A06-990F-4F59-A80F-E8EAFB69CC13}"
EndProject
Project("{FAE04EC0-301F-11D3-BF4B-00C04F79EFBC}") = "各种IOC框架", "各种IOC框架\各种IOC框架.csproj", "{57E2D0C5-9A1D-4EF1-90CB-27206B5C8F39}"
EndProject
Project("{FAE04EC0-301F-11D3-BF4B-00C04F79EFBC}") = "DDDCompany.Repository", "DDDCompany.Repository\DDDCompany.Repository.csproj", "{D0B04BA8-FE6B-4F54-990E-84BA9F414E67}"
EndProject
Project("{2150E333-8FDC-42A3-9474-1A3956D46DE8}") = "C_Sharp", "C_Sharp", "{4AD498EF-3201-4B40-994F-440AFA6ED2BD}"
EndProject
Project("{FAE04EC0-301F-11D3-BF4B-00C04F79EFBC}") = "Expression扩展及动态使用", "Expression扩展及动态使用\Expression扩展及动态使用.csproj", "{27403090-C661-4D55-BE20-DC567D5D308D}"
EndProject
Project("{FAE04EC0-301F-11D3-BF4B-00C04F79EFBC}") = "ECharts使用", "ECharts使用\ECharts使用.csproj", "{3E961811-7D05-4CF7-8A23-1632FCC5F94B}"
EndProject
Project("{2150E333-8FDC-42A3-9474-1A3956D46DE8}") = "Js框架使用", "Js框架使用", "{4F5DA427-3530-401C-BE22-21388598DA54}"
EndProject
Project("{FAE04EC0-301F-11D3-BF4B-00C04F79EFBC}") = "并行编程", "并行编程\并行编程.csproj", "{144D23DC-5175-4E6F-8CCB-8A5960B2E43E}"
EndProject
Project("{2150E333-8FDC-42A3-9474-1A3956D46DE8}") = "EntityFramework使用", "EntityFramework使用", "{FA45C64E-BDDE-458D-90DD-08499F934337}"
EndProject
Project("{2150E333-8FDC-42A3-9474-1A3956D46DE8}") = "MVC", "MVC", "{2845EC60-44BE-4CD4-9FB2-55391DB9DE86}"
EndProject
Project("{FAE04EC0-301F-11D3-BF4B-00C04F79EFBC}") = "MvcApp", "MvcApp\MvcApp.csproj", "{DC7BEB88-153F-45EF-9056-E3276A03C8DF}"
EndProject
Project("{FAE04EC0-301F-11D3-BF4B-00C04F79EFBC}") = "AES加密解密", "AES加密解密\AES加密解密.csproj", "{A969029A-7CDE-4014-B775-A850676E9D8A}"
EndProject
Project("{FAE04EC0-301F-11D3-BF4B-00C04F79EFBC}") = "CodeFirst_01配置各种关系", "CodeFirst_01配置各种关系\CodeFirst_01配置各种关系.csproj", "{7D71105C-D484-463E-B6E0-872C19402200}"
EndProject
Project("{2150E333-8FDC-42A3-9474-1A3956D46DE8}") = "TestWei", "TestWei", "{E5AE1BFB-D225-4E16-B2F6-0B77AB55BBD1}"
EndProject
Project("{FAE04EC0-301F-11D3-BF4B-00C04F79EFBC}") = "WeiXin", "WeiXin\WeiXin.csproj", "{524D07DE-3554-4F1D-A4D7-29D374FBC213}"
EndProject
Project("{FAE04EC0-301F-11D3-BF4B-00C04F79EFBC}") = "DbContextRepository去实现异步接口", "DbContext实现异步接口\DbContextRepository去实现异步接口.csproj", "{1A04F210-443C-4795-A490-DE99111E7C4A}"
EndProject
Project("{FAE04EC0-301F-11D3-BF4B-00C04F79EFBC}") = "Dapper改造成支持Oracle存储过程", "Dapper改造成支持Oracle存储过程\Dapper改造成支持Oracle存储过程.csproj", "{DBD6B927-F367-490C-82FC-F614504303AE}"
EndProject
Project("{FAE04EC0-301F-11D3-BF4B-00C04F79EFBC}") = "使用ASP.NET_IIS托管Katana-based应用程序", "使用ASP.NET_IIS托管Katana-based应用程序\使用ASP.NET_IIS托管Katana-based应用程序.csproj", "{857C151C-BCCE-4626-AE05-514D460E082C}"
EndProject
Project("{2150E333-8FDC-42A3-9474-1A3956D46DE8}") = "爬虫系列", "爬虫系列", "{388973EB-41A3-4676-822C-3FCA2545C642}"
EndProject
Project("{FAE04EC0-301F-11D3-BF4B-00C04F79EFBC}") = "爬虫_01", "爬虫_01\爬虫_01.csproj", "{3CE3B93D-BF45-4FC0-947E-2E180DD064A6}"
EndProject
Project("{FAE04EC0-301F-11D3-BF4B-00C04F79EFBC}") = "正则表达式", "正则表达式\正则表达式.csproj", "{35982054-03B4-4255-8B69-EC375977DAA3}"
	ProjectSection(ProjectDependencies) = postProject
		{EC8D40BE-0A97-44C5-9A0A-8C5DB9A03261} = {EC8D40BE-0A97-44C5-9A0A-8C5DB9A03261}
	EndProjectSection
EndProject
Project("{2150E333-8FDC-42A3-9474-1A3956D46DE8}") = "非关系型数据库", "非关系型数据库", "{5C23B701-9794-4594-8133-BDBBE4878AB5}"
EndProject
Project("{FAE04EC0-301F-11D3-BF4B-00C04F79EFBC}") = "MongoDB使用_01_安装和简单增删改查", "MongoDB使用\MongoDB使用_01_安装和简单增删改查.csproj", "{4092472F-0BE8-497B-B28F-B61E6DAAFA1C}"
EndProject
Project("{FAE04EC0-301F-11D3-BF4B-00C04F79EFBC}") = "MongoDB使用_02_细说增删改查", "MongoDB使用_02\MongoDB使用_02_细说增删改查.csproj", "{36423FFF-433F-4AC0-AF3D-3B698DBE11D8}"
EndProject
Project("{FAE04EC0-301F-11D3-BF4B-00C04F79EFBC}") = "MongoDB使用_03_高级操作游标聚合等", "MongoDB使用_03_高级操作游标聚合等\MongoDB使用_03_高级操作游标聚合等.csproj", "{1E6BED45-9C13-43B8-9629-0C9C4DC55B9B}"
EndProject
Project("{FAE04EC0-301F-11D3-BF4B-00C04F79EFBC}") = "MongoDB使用_04_索引操作性能提升", "MongoDB使用_04_索引操作性能提升\MongoDB使用_04_索引操作性能提升.csproj", "{643FA1F4-B52C-40F9-B374-37A34E8E8918}"
EndProject
Project("{FAE04EC0-301F-11D3-BF4B-00C04F79EFBC}") = "MongoDB使用_09_集群部署等其它", "MongoDB使用_09_集群部署等其它\MongoDB使用_09_集群部署等其它.csproj", "{3157FA39-9E09-4226-A1B6-7C7B6F048FFD}"
EndProject
Project("{FAE04EC0-301F-11D3-BF4B-00C04F79EFBC}") = "MongoDB使用_05_主从复制", "MongoDB使用_05_主从复制\MongoDB使用_05_主从复制.csproj", "{0D55A812-1B92-4C91-AEAB-6FE7A1EC190F}"
EndProject
Project("{FAE04EC0-301F-11D3-BF4B-00C04F79EFBC}") = "MongoDB使用_10_错误解决", "MongoDB使用_10_错误解决\MongoDB使用_10_错误解决.csproj", "{0753D728-4146-44BD-93DC-19FF5A4952F9}"
EndProject
Project("{FAE04EC0-301F-11D3-BF4B-00C04F79EFBC}") = "MongoDB使用_06_分片技术", "MongoDB使用_06_分片技术\MongoDB使用_06_分片技术.csproj", "{897A1FC9-0D05-4B02-AABA-5DCDED5A56B0}"
EndProject
Project("{FAE04EC0-301F-11D3-BF4B-00C04F79EFBC}") = "MongoDB使用_07_运维技术", "MongoDB使用_07_运维技术\MongoDB使用_07_运维技术.csproj", "{12A3827E-8937-4C54-8FF4-1344E26D066A}"
EndProject
Project("{FAE04EC0-301F-11D3-BF4B-00C04F79EFBC}") = "MongoDB使用_08_驱动实践Csharp使用", "MongoDB使用_08_驱动实践Csharp使用\MongoDB使用_08_驱动实践Csharp使用.csproj", "{B916547F-F3C3-4DA8-9297-BC333FF1B3B0}"
EndProject
Project("{FAE04EC0-301F-11D3-BF4B-00C04F79EFBC}") = "Timer使用定时发推送消息", "Timer使用定时发推送消息\Timer使用定时发推送消息.csproj", "{AE03E758-4D49-4855-BB53-27440DA0D553}"
EndProject
Project("{FAE04EC0-301F-11D3-BF4B-00C04F79EFBC}") = "事件和委托", "事件和委托\事件和委托.csproj", "{55516E05-4B15-4D1C-87B9-DE51B2BE8F59}"
EndProject
Project("{2150E333-8FDC-42A3-9474-1A3956D46DE8}") = "WCF", "WCF", "{90DA550C-FF57-4995-B16E-74C4A3B9B075}"
EndProject
Project("{FAE04EC0-301F-11D3-BF4B-00C04F79EFBC}") = "WCF_01_Binding的使用", "WCF_01_Binding的使用\WCF_01_Binding的使用.csproj", "{E7EB6543-4A24-4F55-B5D2-130428B41A14}"
EndProject
Project("{2150E333-8FDC-42A3-9474-1A3956D46DE8}") = "_WCF_01_Binding的使用", "_WCF_01_Binding的使用", "{F7F2DD5E-4FE8-4587-B03D-B88BF7A43FD1}"
EndProject
Project("{FAE04EC0-301F-11D3-BF4B-00C04F79EFBC}") = "用WCF定时往MongoDB插数据服务", "用WCF定时往MongoDB插数据服务\用WCF定时往MongoDB插数据服务.csproj", "{DA8C7A3A-4F0F-481A-8282-9487B4D9EE45}"
EndProject
Project("{2150E333-8FDC-42A3-9474-1A3956D46DE8}") = "_WCF_01_Binding的使用_netMsmqBinding", "_WCF_01_Binding的使用_netMsmqBinding", "{A7F214F2-BCC9-44C6-A382-806F2AF51279}"
EndProject
Project("{FAE04EC0-301F-11D3-BF4B-00C04F79EFBC}") = "WCF_01_Binding的使用_netMsmqBinding", "WCF_01_Binding的使用_netMsmqBinding\WCF_01_Binding的使用_netMsmqBinding.csproj", "{52743855-56B1-45BD-BB28-BFA347DF25A1}"
EndProject
Project("{FAE04EC0-301F-11D3-BF4B-00C04F79EFBC}") = "消息队列", "消息队列\消息队列.csproj", "{679FCD46-1C3D-4622-97D0-05678B66A59F}"
EndProject
Project("{FAE04EC0-301F-11D3-BF4B-00C04F79EFBC}") = "WCF_01_Binding的使用_netMsmqBinding_调用", "WCF_01_Binding的使用_netMsmqBinding_调用\WCF_01_Binding的使用_netMsmqBinding_调用.csproj", "{2F3FF340-4699-4AD3-B992-FF84D99C7182}"
EndProject
Project("{2150E333-8FDC-42A3-9474-1A3956D46DE8}") = "_WCF_02_事物的使用", "_WCF_02_事物的使用", "{C9D771C0-DECE-4384-8EE5-6F7D0DB5A608}"
EndProject
Project("{FAE04EC0-301F-11D3-BF4B-00C04F79EFBC}") = "WCF_02_事物的使用", "WCF_02_事物的使用\WCF_02_事物的使用.csproj", "{28353AD3-47A2-4E18-8CD7-942BF39B83C3}"
EndProject
Project("{FAE04EC0-301F-11D3-BF4B-00C04F79EFBC}") = "WCF_02_事物的使用_调用", "WCF_02_事物的使用_调用\WCF_02_事物的使用_调用.csproj", "{BBA07B22-B380-429D-821B-11FEFF98CD5D}"
EndProject
Project("{FAE04EC0-301F-11D3-BF4B-00C04F79EFBC}") = "支持XML序列化的Dictionary", "支持XML序列化的Dictionary\支持XML序列化的Dictionary.csproj", "{409B8804-62A5-4395-9925-E0C4BF8B4B38}"
EndProject
Project("{2150E333-8FDC-42A3-9474-1A3956D46DE8}") = "_WCF_03_心跳包", "_WCF_03_心跳包", "{2603DC47-F7F4-4716-B698-D3BFBA7E5859}"
EndProject
Project("{FAE04EC0-301F-11D3-BF4B-00C04F79EFBC}") = "WCF_03_心跳包", "WCF_03_心跳包\WCF_03_心跳包.csproj", "{87E13AD9-DEAC-4350-B434-C17A2446D5BF}"
EndProject
Project("{FAE04EC0-301F-11D3-BF4B-00C04F79EFBC}") = "Yield用法", "Yield用法\Yield用法.csproj", "{6421C11D-0DA7-40C0-B433-A030D78FD3EF}"
EndProject
Project("{2150E333-8FDC-42A3-9474-1A3956D46DE8}") = "_WCF_04_客户端", "_WCF_04_客户端", "{ABDF6FC5-7E1C-4A48-8DD2-A6BAAC548370}"
EndProject
Project("{FAE04EC0-301F-11D3-BF4B-00C04F79EFBC}") = "CodeFirst_02权限管理", "CodeFirst_02权限管理\CodeFirst_02权限管理.csproj", "{148AD585-41F7-4FA7-AE70-8DD3255B5C73}"
EndProject
Project("{FAE04EC0-301F-11D3-BF4B-00C04F79EFBC}") = "CodeFirst_03使用", "CodeFirst_03使用\CodeFirst_03使用.csproj", "{AB80C92A-E21D-4718-803D-748614B02E77}"
EndProject
Project("{2150E333-8FDC-42A3-9474-1A3956D46DE8}") = "后台管理", "后台管理", "{0BFC4FAC-53C1-482E-B216-82221CFA6DA1}"
EndProject
Project("{2150E333-8FDC-42A3-9474-1A3956D46DE8}") = "BlogSytemManager", "BlogSytemManager", "{701B2974-4964-4C1C-86A4-B414565EEAE0}"
EndProject
Project("{FAE04EC0-301F-11D3-BF4B-00C04F79EFBC}") = "BolgSytemManager.Domain", "BolgSytemManager.Domain\BolgSytemManager.Domain.csproj", "{283F2B64-1C28-474B-88BD-EC60E8073D38}"
EndProject
Project("{FAE04EC0-301F-11D3-BF4B-00C04F79EFBC}") = "BlogSytemManager.Repository", "BlogSytemManager.Repository\BlogSytemManager.Repository.csproj", "{611313BA-9F35-4F9F-B7B8-9BBA4DBCBBB4}"
EndProject
Project("{FAE04EC0-301F-11D3-BF4B-00C04F79EFBC}") = "BlogSytemManager.Application", "BlogSytemManager.Application\BlogSytemManager.Application.csproj", "{1AA1F3D2-C17A-437B-AC93-C4B9A1A0E00D}"
EndProject
Project("{FAE04EC0-301F-11D3-BF4B-00C04F79EFBC}") = "BlogSytemManager.AdmianWeb", "BlogSytemManager.AdmianWeb\BlogSytemManager.AdmianWeb.csproj", "{8CC6F844-FFAB-4E56-9395-725E05A9D745}"
EndProject
Project("{FAE04EC0-301F-11D3-BF4B-00C04F79EFBC}") = "BlogSytemManager.Infrastructure", "BlogSytemManager.Infrastructure\BlogSytemManager.Infrastructure.csproj", "{5623D555-F699-4CB3-970C-01237653F87A}"
EndProject
Project("{FAE04EC0-301F-11D3-BF4B-00C04F79EFBC}") = "BlogSytemManager.IService", "BlogSytemManager.IService\BlogSytemManager.IService.csproj", "{DDC74D61-D9B3-4C41-B6D9-9440979FD4B1}"
EndProject
Project("{FAE04EC0-301F-11D3-BF4B-00C04F79EFBC}") = "BlogSytemManager.DomainObject", "BlogSytemManager.DomainObject\BlogSytemManager.DomainObject.csproj", "{776C1D70-929F-4DFC-A085-86FCFD6000EB}"
EndProject
Project("{FAE04EC0-301F-11D3-BF4B-00C04F79EFBC}") = "BlogSytemManager.Service", "BlogSytemManager.Service\BlogSytemManager.Service.csproj", "{EC8D40BE-0A97-44C5-9A0A-8C5DB9A03261}"
EndProject
Project("{FAE04EC0-301F-11D3-BF4B-00C04F79EFBC}") = "WCF不支持Expression解决方案", "WCF不支持Expression解决方案\WCF不支持Expression解决方案.csproj", "{1F99C9E9-72A4-48C7-A9A6-85197D493C6F}"
EndProject
Project("{FAE04EC0-301F-11D3-BF4B-00C04F79EFBC}") = "BlogSytemManager.Test", "BlogSytemManager.Test\BlogSytemManager.Test.csproj", "{FEB3295B-2AED-433F-AE52-C0D39FE9B99C}"
EndProject
Project("{FAE04EC0-301F-11D3-BF4B-00C04F79EFBC}") = "爬虫_02_jsoup的使用", "爬虫_02_jsoup的使用\爬虫_02_jsoup的使用.csproj", "{2488C4B4-15F7-48A2-BB04-AEDB4759D98D}"
EndProject
Project("{FAE04EC0-301F-11D3-BF4B-00C04F79EFBC}") = "BlogSytemManager.Common", "BlogSytemManager.Common\BlogSytemManager.Common.csproj", "{D4A16CBC-F82C-4902-AE30-7842104EB705}"
EndProject
Project("{2150E333-8FDC-42A3-9474-1A3956D46DE8}") = "backbone,underscore的使用", "backbone,underscore的使用", "{7427EF0D-36E5-4482-BD06-AA853D859231}"
EndProject
Project("{FAE04EC0-301F-11D3-BF4B-00C04F79EFBC}") = "WebApplication2", "WebApplication2\WebApplication2.csproj", "{AE1C4240-9468-4A26-915C-73FCEF9E9F3F}"
EndProject
Project("{2150E333-8FDC-42A3-9474-1A3956D46DE8}") = "HTML5", "HTML5", "{104F99CC-A3C2-4E7A-AC14-41707CB964A3}"
EndProject
Project("{FAE04EC0-301F-11D3-BF4B-00C04F79EFBC}") = "WebApp开发入门", "WebApp开发入门\WebApp开发入门.csproj", "{067219E5-C801-47F3-9C9A-B4BFE7103F21}"
EndProject
Project("{2150E333-8FDC-42A3-9474-1A3956D46DE8}") = "CSS3", "CSS3", "{B7E6C02E-58FB-4272-9127-A189372A9704}"
EndProject
Project("{FAE04EC0-301F-11D3-BF4B-00C04F79EFBC}") = "WebApp", "WebApp\WebApp.csproj", "{7DE33674-2368-48A9-B48A-81B1DB1697BD}"
EndProject
Project("{FAE04EC0-301F-11D3-BF4B-00C04F79EFBC}") = "MvcApplication1", "MvcApplication1\MvcApplication1.csproj", "{D5D95CC1-1AF9-4D6A-A965-174F49622A73}"
EndProject
Global
	GlobalSection(SolutionConfigurationPlatforms) = preSolution
		Debug|Any CPU = Debug|Any CPU
		Release|Any CPU = Release|Any CPU
	EndGlobalSection
	GlobalSection(ProjectConfigurationPlatforms) = postSolution
		{483FC951-CF87-46EE-9ADC-B5797C515ED7}.Debug|Any CPU.ActiveCfg = Debug|Any CPU
		{483FC951-CF87-46EE-9ADC-B5797C515ED7}.Debug|Any CPU.Build.0 = Debug|Any CPU
		{483FC951-CF87-46EE-9ADC-B5797C515ED7}.Release|Any CPU.ActiveCfg = Release|Any CPU
		{483FC951-CF87-46EE-9ADC-B5797C515ED7}.Release|Any CPU.Build.0 = Release|Any CPU
		{83035ACC-C844-4F1D-86B9-9570F2948C76}.Debug|Any CPU.ActiveCfg = Debug|Any CPU
		{83035ACC-C844-4F1D-86B9-9570F2948C76}.Debug|Any CPU.Build.0 = Debug|Any CPU
		{83035ACC-C844-4F1D-86B9-9570F2948C76}.Release|Any CPU.ActiveCfg = Release|Any CPU
		{83035ACC-C844-4F1D-86B9-9570F2948C76}.Release|Any CPU.Build.0 = Release|Any CPU
		{565F4DEB-F0FB-4002-A499-2FC1920FB161}.Debug|Any CPU.ActiveCfg = Debug|Any CPU
		{565F4DEB-F0FB-4002-A499-2FC1920FB161}.Debug|Any CPU.Build.0 = Debug|Any CPU
		{565F4DEB-F0FB-4002-A499-2FC1920FB161}.Release|Any CPU.ActiveCfg = Release|Any CPU
		{565F4DEB-F0FB-4002-A499-2FC1920FB161}.Release|Any CPU.Build.0 = Release|Any CPU
		{4AF4EBA6-6687-4AC9-81DD-C857ABA63B99}.Debug|Any CPU.ActiveCfg = Debug|Any CPU
		{4AF4EBA6-6687-4AC9-81DD-C857ABA63B99}.Debug|Any CPU.Build.0 = Debug|Any CPU
		{4AF4EBA6-6687-4AC9-81DD-C857ABA63B99}.Release|Any CPU.ActiveCfg = Release|Any CPU
		{4AF4EBA6-6687-4AC9-81DD-C857ABA63B99}.Release|Any CPU.Build.0 = Release|Any CPU
		{546CD59D-ACE1-4C0D-915B-C9FC4853A501}.Debug|Any CPU.ActiveCfg = Debug|Any CPU
		{546CD59D-ACE1-4C0D-915B-C9FC4853A501}.Debug|Any CPU.Build.0 = Debug|Any CPU
		{546CD59D-ACE1-4C0D-915B-C9FC4853A501}.Release|Any CPU.ActiveCfg = Release|Any CPU
		{546CD59D-ACE1-4C0D-915B-C9FC4853A501}.Release|Any CPU.Build.0 = Release|Any CPU
		{636F22DC-E2CB-44EC-A032-C69336177812}.Debug|Any CPU.ActiveCfg = Debug|Any CPU
		{636F22DC-E2CB-44EC-A032-C69336177812}.Debug|Any CPU.Build.0 = Debug|Any CPU
		{636F22DC-E2CB-44EC-A032-C69336177812}.Release|Any CPU.ActiveCfg = Release|Any CPU
		{636F22DC-E2CB-44EC-A032-C69336177812}.Release|Any CPU.Build.0 = Release|Any CPU
		{7C618F81-4935-4E17-B10C-13E1601D2F20}.Debug|Any CPU.ActiveCfg = Debug|Any CPU
		{7C618F81-4935-4E17-B10C-13E1601D2F20}.Debug|Any CPU.Build.0 = Debug|Any CPU
		{7C618F81-4935-4E17-B10C-13E1601D2F20}.Release|Any CPU.ActiveCfg = Release|Any CPU
		{7C618F81-4935-4E17-B10C-13E1601D2F20}.Release|Any CPU.Build.0 = Release|Any CPU
		{B20E36EF-03A1-4852-8C7B-0516946DDE45}.Debug|Any CPU.ActiveCfg = Debug|Any CPU
		{B20E36EF-03A1-4852-8C7B-0516946DDE45}.Debug|Any CPU.Build.0 = Debug|Any CPU
		{B20E36EF-03A1-4852-8C7B-0516946DDE45}.Release|Any CPU.ActiveCfg = Release|Any CPU
		{B20E36EF-03A1-4852-8C7B-0516946DDE45}.Release|Any CPU.Build.0 = Release|Any CPU
		{A04C454C-FC30-4C2A-899F-5A810D24415B}.Debug|Any CPU.ActiveCfg = Debug|Any CPU
		{A04C454C-FC30-4C2A-899F-5A810D24415B}.Debug|Any CPU.Build.0 = Debug|Any CPU
		{A04C454C-FC30-4C2A-899F-5A810D24415B}.Release|Any CPU.ActiveCfg = Release|Any CPU
		{A04C454C-FC30-4C2A-899F-5A810D24415B}.Release|Any CPU.Build.0 = Release|Any CPU
		{57E2D0C5-9A1D-4EF1-90CB-27206B5C8F39}.Debug|Any CPU.ActiveCfg = Debug|Any CPU
		{57E2D0C5-9A1D-4EF1-90CB-27206B5C8F39}.Debug|Any CPU.Build.0 = Debug|Any CPU
		{57E2D0C5-9A1D-4EF1-90CB-27206B5C8F39}.Release|Any CPU.ActiveCfg = Release|Any CPU
		{57E2D0C5-9A1D-4EF1-90CB-27206B5C8F39}.Release|Any CPU.Build.0 = Release|Any CPU
		{D0B04BA8-FE6B-4F54-990E-84BA9F414E67}.Debug|Any CPU.ActiveCfg = Debug|Any CPU
		{D0B04BA8-FE6B-4F54-990E-84BA9F414E67}.Debug|Any CPU.Build.0 = Debug|Any CPU
		{D0B04BA8-FE6B-4F54-990E-84BA9F414E67}.Release|Any CPU.ActiveCfg = Release|Any CPU
		{D0B04BA8-FE6B-4F54-990E-84BA9F414E67}.Release|Any CPU.Build.0 = Release|Any CPU
		{27403090-C661-4D55-BE20-DC567D5D308D}.Debug|Any CPU.ActiveCfg = Debug|Any CPU
		{27403090-C661-4D55-BE20-DC567D5D308D}.Debug|Any CPU.Build.0 = Debug|Any CPU
		{27403090-C661-4D55-BE20-DC567D5D308D}.Release|Any CPU.ActiveCfg = Release|Any CPU
		{27403090-C661-4D55-BE20-DC567D5D308D}.Release|Any CPU.Build.0 = Release|Any CPU
		{3E961811-7D05-4CF7-8A23-1632FCC5F94B}.Debug|Any CPU.ActiveCfg = Debug|Any CPU
		{3E961811-7D05-4CF7-8A23-1632FCC5F94B}.Debug|Any CPU.Build.0 = Debug|Any CPU
		{3E961811-7D05-4CF7-8A23-1632FCC5F94B}.Release|Any CPU.ActiveCfg = Release|Any CPU
		{3E961811-7D05-4CF7-8A23-1632FCC5F94B}.Release|Any CPU.Build.0 = Release|Any CPU
		{144D23DC-5175-4E6F-8CCB-8A5960B2E43E}.Debug|Any CPU.ActiveCfg = Debug|Any CPU
		{144D23DC-5175-4E6F-8CCB-8A5960B2E43E}.Debug|Any CPU.Build.0 = Debug|Any CPU
		{144D23DC-5175-4E6F-8CCB-8A5960B2E43E}.Release|Any CPU.ActiveCfg = Release|Any CPU
		{144D23DC-5175-4E6F-8CCB-8A5960B2E43E}.Release|Any CPU.Build.0 = Release|Any CPU
		{DC7BEB88-153F-45EF-9056-E3276A03C8DF}.Debug|Any CPU.ActiveCfg = Debug|Any CPU
		{DC7BEB88-153F-45EF-9056-E3276A03C8DF}.Debug|Any CPU.Build.0 = Debug|Any CPU
		{DC7BEB88-153F-45EF-9056-E3276A03C8DF}.Release|Any CPU.ActiveCfg = Release|Any CPU
		{DC7BEB88-153F-45EF-9056-E3276A03C8DF}.Release|Any CPU.Build.0 = Release|Any CPU
		{A969029A-7CDE-4014-B775-A850676E9D8A}.Debug|Any CPU.ActiveCfg = Debug|Any CPU
		{A969029A-7CDE-4014-B775-A850676E9D8A}.Debug|Any CPU.Build.0 = Debug|Any CPU
		{A969029A-7CDE-4014-B775-A850676E9D8A}.Release|Any CPU.ActiveCfg = Release|Any CPU
		{A969029A-7CDE-4014-B775-A850676E9D8A}.Release|Any CPU.Build.0 = Release|Any CPU
		{7D71105C-D484-463E-B6E0-872C19402200}.Debug|Any CPU.ActiveCfg = Debug|Any CPU
		{7D71105C-D484-463E-B6E0-872C19402200}.Debug|Any CPU.Build.0 = Debug|Any CPU
		{7D71105C-D484-463E-B6E0-872C19402200}.Release|Any CPU.ActiveCfg = Release|Any CPU
		{7D71105C-D484-463E-B6E0-872C19402200}.Release|Any CPU.Build.0 = Release|Any CPU
		{524D07DE-3554-4F1D-A4D7-29D374FBC213}.Debug|Any CPU.ActiveCfg = Debug|Any CPU
		{524D07DE-3554-4F1D-A4D7-29D374FBC213}.Debug|Any CPU.Build.0 = Debug|Any CPU
		{524D07DE-3554-4F1D-A4D7-29D374FBC213}.Release|Any CPU.ActiveCfg = Release|Any CPU
		{524D07DE-3554-4F1D-A4D7-29D374FBC213}.Release|Any CPU.Build.0 = Release|Any CPU
		{1A04F210-443C-4795-A490-DE99111E7C4A}.Debug|Any CPU.ActiveCfg = Debug|Any CPU
		{1A04F210-443C-4795-A490-DE99111E7C4A}.Debug|Any CPU.Build.0 = Debug|Any CPU
		{1A04F210-443C-4795-A490-DE99111E7C4A}.Release|Any CPU.ActiveCfg = Release|Any CPU
		{1A04F210-443C-4795-A490-DE99111E7C4A}.Release|Any CPU.Build.0 = Release|Any CPU
		{DBD6B927-F367-490C-82FC-F614504303AE}.Debug|Any CPU.ActiveCfg = Debug|Any CPU
		{DBD6B927-F367-490C-82FC-F614504303AE}.Debug|Any CPU.Build.0 = Debug|Any CPU
		{DBD6B927-F367-490C-82FC-F614504303AE}.Release|Any CPU.ActiveCfg = Release|Any CPU
		{DBD6B927-F367-490C-82FC-F614504303AE}.Release|Any CPU.Build.0 = Release|Any CPU
		{857C151C-BCCE-4626-AE05-514D460E082C}.Debug|Any CPU.ActiveCfg = Debug|Any CPU
		{857C151C-BCCE-4626-AE05-514D460E082C}.Debug|Any CPU.Build.0 = Debug|Any CPU
		{857C151C-BCCE-4626-AE05-514D460E082C}.Release|Any CPU.ActiveCfg = Release|Any CPU
		{857C151C-BCCE-4626-AE05-514D460E082C}.Release|Any CPU.Build.0 = Release|Any CPU
		{3CE3B93D-BF45-4FC0-947E-2E180DD064A6}.Debug|Any CPU.ActiveCfg = Debug|Any CPU
		{3CE3B93D-BF45-4FC0-947E-2E180DD064A6}.Debug|Any CPU.Build.0 = Debug|Any CPU
		{3CE3B93D-BF45-4FC0-947E-2E180DD064A6}.Release|Any CPU.ActiveCfg = Release|Any CPU
		{3CE3B93D-BF45-4FC0-947E-2E180DD064A6}.Release|Any CPU.Build.0 = Release|Any CPU
		{35982054-03B4-4255-8B69-EC375977DAA3}.Debug|Any CPU.ActiveCfg = Debug|Any CPU
		{35982054-03B4-4255-8B69-EC375977DAA3}.Debug|Any CPU.Build.0 = Debug|Any CPU
		{35982054-03B4-4255-8B69-EC375977DAA3}.Release|Any CPU.ActiveCfg = Release|Any CPU
		{35982054-03B4-4255-8B69-EC375977DAA3}.Release|Any CPU.Build.0 = Release|Any CPU
		{4092472F-0BE8-497B-B28F-B61E6DAAFA1C}.Debug|Any CPU.ActiveCfg = Debug|Any CPU
		{4092472F-0BE8-497B-B28F-B61E6DAAFA1C}.Debug|Any CPU.Build.0 = Debug|Any CPU
		{4092472F-0BE8-497B-B28F-B61E6DAAFA1C}.Release|Any CPU.ActiveCfg = Release|Any CPU
		{4092472F-0BE8-497B-B28F-B61E6DAAFA1C}.Release|Any CPU.Build.0 = Release|Any CPU
		{36423FFF-433F-4AC0-AF3D-3B698DBE11D8}.Debug|Any CPU.ActiveCfg = Debug|Any CPU
		{36423FFF-433F-4AC0-AF3D-3B698DBE11D8}.Debug|Any CPU.Build.0 = Debug|Any CPU
		{36423FFF-433F-4AC0-AF3D-3B698DBE11D8}.Release|Any CPU.ActiveCfg = Release|Any CPU
		{36423FFF-433F-4AC0-AF3D-3B698DBE11D8}.Release|Any CPU.Build.0 = Release|Any CPU
		{1E6BED45-9C13-43B8-9629-0C9C4DC55B9B}.Debug|Any CPU.ActiveCfg = Debug|Any CPU
		{1E6BED45-9C13-43B8-9629-0C9C4DC55B9B}.Debug|Any CPU.Build.0 = Debug|Any CPU
		{1E6BED45-9C13-43B8-9629-0C9C4DC55B9B}.Release|Any CPU.ActiveCfg = Release|Any CPU
		{1E6BED45-9C13-43B8-9629-0C9C4DC55B9B}.Release|Any CPU.Build.0 = Release|Any CPU
		{643FA1F4-B52C-40F9-B374-37A34E8E8918}.Debug|Any CPU.ActiveCfg = Debug|Any CPU
		{643FA1F4-B52C-40F9-B374-37A34E8E8918}.Debug|Any CPU.Build.0 = Debug|Any CPU
		{643FA1F4-B52C-40F9-B374-37A34E8E8918}.Release|Any CPU.ActiveCfg = Release|Any CPU
		{643FA1F4-B52C-40F9-B374-37A34E8E8918}.Release|Any CPU.Build.0 = Release|Any CPU
		{3157FA39-9E09-4226-A1B6-7C7B6F048FFD}.Debug|Any CPU.ActiveCfg = Debug|Any CPU
		{3157FA39-9E09-4226-A1B6-7C7B6F048FFD}.Debug|Any CPU.Build.0 = Debug|Any CPU
		{3157FA39-9E09-4226-A1B6-7C7B6F048FFD}.Release|Any CPU.ActiveCfg = Release|Any CPU
		{3157FA39-9E09-4226-A1B6-7C7B6F048FFD}.Release|Any CPU.Build.0 = Release|Any CPU
		{0D55A812-1B92-4C91-AEAB-6FE7A1EC190F}.Debug|Any CPU.ActiveCfg = Debug|Any CPU
		{0D55A812-1B92-4C91-AEAB-6FE7A1EC190F}.Debug|Any CPU.Build.0 = Debug|Any CPU
		{0D55A812-1B92-4C91-AEAB-6FE7A1EC190F}.Release|Any CPU.ActiveCfg = Release|Any CPU
		{0D55A812-1B92-4C91-AEAB-6FE7A1EC190F}.Release|Any CPU.Build.0 = Release|Any CPU
		{0753D728-4146-44BD-93DC-19FF5A4952F9}.Debug|Any CPU.ActiveCfg = Debug|Any CPU
		{0753D728-4146-44BD-93DC-19FF5A4952F9}.Debug|Any CPU.Build.0 = Debug|Any CPU
		{0753D728-4146-44BD-93DC-19FF5A4952F9}.Release|Any CPU.ActiveCfg = Release|Any CPU
		{0753D728-4146-44BD-93DC-19FF5A4952F9}.Release|Any CPU.Build.0 = Release|Any CPU
		{897A1FC9-0D05-4B02-AABA-5DCDED5A56B0}.Debug|Any CPU.ActiveCfg = Debug|Any CPU
		{897A1FC9-0D05-4B02-AABA-5DCDED5A56B0}.Debug|Any CPU.Build.0 = Debug|Any CPU
		{897A1FC9-0D05-4B02-AABA-5DCDED5A56B0}.Release|Any CPU.ActiveCfg = Release|Any CPU
		{897A1FC9-0D05-4B02-AABA-5DCDED5A56B0}.Release|Any CPU.Build.0 = Release|Any CPU
		{12A3827E-8937-4C54-8FF4-1344E26D066A}.Debug|Any CPU.ActiveCfg = Debug|Any CPU
		{12A3827E-8937-4C54-8FF4-1344E26D066A}.Debug|Any CPU.Build.0 = Debug|Any CPU
		{12A3827E-8937-4C54-8FF4-1344E26D066A}.Release|Any CPU.ActiveCfg = Release|Any CPU
		{12A3827E-8937-4C54-8FF4-1344E26D066A}.Release|Any CPU.Build.0 = Release|Any CPU
		{B916547F-F3C3-4DA8-9297-BC333FF1B3B0}.Debug|Any CPU.ActiveCfg = Debug|Any CPU
		{B916547F-F3C3-4DA8-9297-BC333FF1B3B0}.Debug|Any CPU.Build.0 = Debug|Any CPU
		{B916547F-F3C3-4DA8-9297-BC333FF1B3B0}.Release|Any CPU.ActiveCfg = Release|Any CPU
		{B916547F-F3C3-4DA8-9297-BC333FF1B3B0}.Release|Any CPU.Build.0 = Release|Any CPU
		{AE03E758-4D49-4855-BB53-27440DA0D553}.Debug|Any CPU.ActiveCfg = Debug|Any CPU
		{AE03E758-4D49-4855-BB53-27440DA0D553}.Debug|Any CPU.Build.0 = Debug|Any CPU
		{AE03E758-4D49-4855-BB53-27440DA0D553}.Release|Any CPU.ActiveCfg = Release|Any CPU
		{AE03E758-4D49-4855-BB53-27440DA0D553}.Release|Any CPU.Build.0 = Release|Any CPU
		{55516E05-4B15-4D1C-87B9-DE51B2BE8F59}.Debug|Any CPU.ActiveCfg = Debug|Any CPU
		{55516E05-4B15-4D1C-87B9-DE51B2BE8F59}.Debug|Any CPU.Build.0 = Debug|Any CPU
		{55516E05-4B15-4D1C-87B9-DE51B2BE8F59}.Release|Any CPU.ActiveCfg = Release|Any CPU
		{55516E05-4B15-4D1C-87B9-DE51B2BE8F59}.Release|Any CPU.Build.0 = Release|Any CPU
		{E7EB6543-4A24-4F55-B5D2-130428B41A14}.Debug|Any CPU.ActiveCfg = Debug|Any CPU
		{E7EB6543-4A24-4F55-B5D2-130428B41A14}.Debug|Any CPU.Build.0 = Debug|Any CPU
		{E7EB6543-4A24-4F55-B5D2-130428B41A14}.Release|Any CPU.ActiveCfg = Release|Any CPU
		{E7EB6543-4A24-4F55-B5D2-130428B41A14}.Release|Any CPU.Build.0 = Release|Any CPU
		{DA8C7A3A-4F0F-481A-8282-9487B4D9EE45}.Debug|Any CPU.ActiveCfg = Debug|Any CPU
		{DA8C7A3A-4F0F-481A-8282-9487B4D9EE45}.Debug|Any CPU.Build.0 = Debug|Any CPU
		{DA8C7A3A-4F0F-481A-8282-9487B4D9EE45}.Release|Any CPU.ActiveCfg = Release|Any CPU
		{DA8C7A3A-4F0F-481A-8282-9487B4D9EE45}.Release|Any CPU.Build.0 = Release|Any CPU
		{52743855-56B1-45BD-BB28-BFA347DF25A1}.Debug|Any CPU.ActiveCfg = Debug|Any CPU
		{52743855-56B1-45BD-BB28-BFA347DF25A1}.Debug|Any CPU.Build.0 = Debug|Any CPU
		{52743855-56B1-45BD-BB28-BFA347DF25A1}.Release|Any CPU.ActiveCfg = Release|Any CPU
		{52743855-56B1-45BD-BB28-BFA347DF25A1}.Release|Any CPU.Build.0 = Release|Any CPU
		{679FCD46-1C3D-4622-97D0-05678B66A59F}.Debug|Any CPU.ActiveCfg = Debug|Any CPU
		{679FCD46-1C3D-4622-97D0-05678B66A59F}.Debug|Any CPU.Build.0 = Debug|Any CPU
		{679FCD46-1C3D-4622-97D0-05678B66A59F}.Release|Any CPU.ActiveCfg = Release|Any CPU
		{679FCD46-1C3D-4622-97D0-05678B66A59F}.Release|Any CPU.Build.0 = Release|Any CPU
		{2F3FF340-4699-4AD3-B992-FF84D99C7182}.Debug|Any CPU.ActiveCfg = Debug|Any CPU
		{2F3FF340-4699-4AD3-B992-FF84D99C7182}.Debug|Any CPU.Build.0 = Debug|Any CPU
		{2F3FF340-4699-4AD3-B992-FF84D99C7182}.Release|Any CPU.ActiveCfg = Release|Any CPU
		{2F3FF340-4699-4AD3-B992-FF84D99C7182}.Release|Any CPU.Build.0 = Release|Any CPU
		{28353AD3-47A2-4E18-8CD7-942BF39B83C3}.Debug|Any CPU.ActiveCfg = Debug|Any CPU
		{28353AD3-47A2-4E18-8CD7-942BF39B83C3}.Debug|Any CPU.Build.0 = Debug|Any CPU
		{28353AD3-47A2-4E18-8CD7-942BF39B83C3}.Release|Any CPU.ActiveCfg = Release|Any CPU
		{28353AD3-47A2-4E18-8CD7-942BF39B83C3}.Release|Any CPU.Build.0 = Release|Any CPU
		{BBA07B22-B380-429D-821B-11FEFF98CD5D}.Debug|Any CPU.ActiveCfg = Debug|Any CPU
		{BBA07B22-B380-429D-821B-11FEFF98CD5D}.Debug|Any CPU.Build.0 = Debug|Any CPU
		{BBA07B22-B380-429D-821B-11FEFF98CD5D}.Release|Any CPU.ActiveCfg = Release|Any CPU
		{BBA07B22-B380-429D-821B-11FEFF98CD5D}.Release|Any CPU.Build.0 = Release|Any CPU
		{409B8804-62A5-4395-9925-E0C4BF8B4B38}.Debug|Any CPU.ActiveCfg = Debug|Any CPU
		{409B8804-62A5-4395-9925-E0C4BF8B4B38}.Debug|Any CPU.Build.0 = Debug|Any CPU
		{409B8804-62A5-4395-9925-E0C4BF8B4B38}.Release|Any CPU.ActiveCfg = Release|Any CPU
		{409B8804-62A5-4395-9925-E0C4BF8B4B38}.Release|Any CPU.Build.0 = Release|Any CPU
		{87E13AD9-DEAC-4350-B434-C17A2446D5BF}.Debug|Any CPU.ActiveCfg = Debug|Any CPU
		{87E13AD9-DEAC-4350-B434-C17A2446D5BF}.Debug|Any CPU.Build.0 = Debug|Any CPU
		{87E13AD9-DEAC-4350-B434-C17A2446D5BF}.Release|Any CPU.ActiveCfg = Release|Any CPU
		{87E13AD9-DEAC-4350-B434-C17A2446D5BF}.Release|Any CPU.Build.0 = Release|Any CPU
		{6421C11D-0DA7-40C0-B433-A030D78FD3EF}.Debug|Any CPU.ActiveCfg = Debug|Any CPU
		{6421C11D-0DA7-40C0-B433-A030D78FD3EF}.Debug|Any CPU.Build.0 = Debug|Any CPU
		{6421C11D-0DA7-40C0-B433-A030D78FD3EF}.Release|Any CPU.ActiveCfg = Release|Any CPU
		{6421C11D-0DA7-40C0-B433-A030D78FD3EF}.Release|Any CPU.Build.0 = Release|Any CPU
		{148AD585-41F7-4FA7-AE70-8DD3255B5C73}.Debug|Any CPU.ActiveCfg = Debug|Any CPU
		{148AD585-41F7-4FA7-AE70-8DD3255B5C73}.Debug|Any CPU.Build.0 = Debug|Any CPU
		{148AD585-41F7-4FA7-AE70-8DD3255B5C73}.Release|Any CPU.ActiveCfg = Release|Any CPU
		{148AD585-41F7-4FA7-AE70-8DD3255B5C73}.Release|Any CPU.Build.0 = Release|Any CPU
		{AB80C92A-E21D-4718-803D-748614B02E77}.Debug|Any CPU.ActiveCfg = Debug|Any CPU
		{AB80C92A-E21D-4718-803D-748614B02E77}.Debug|Any CPU.Build.0 = Debug|Any CPU
		{AB80C92A-E21D-4718-803D-748614B02E77}.Release|Any CPU.ActiveCfg = Release|Any CPU
		{AB80C92A-E21D-4718-803D-748614B02E77}.Release|Any CPU.Build.0 = Release|Any CPU
		{283F2B64-1C28-474B-88BD-EC60E8073D38}.Debug|Any CPU.ActiveCfg = Debug|Any CPU
		{283F2B64-1C28-474B-88BD-EC60E8073D38}.Debug|Any CPU.Build.0 = Debug|Any CPU
		{283F2B64-1C28-474B-88BD-EC60E8073D38}.Release|Any CPU.ActiveCfg = Release|Any CPU
		{283F2B64-1C28-474B-88BD-EC60E8073D38}.Release|Any CPU.Build.0 = Release|Any CPU
		{611313BA-9F35-4F9F-B7B8-9BBA4DBCBBB4}.Debug|Any CPU.ActiveCfg = Debug|Any CPU
		{611313BA-9F35-4F9F-B7B8-9BBA4DBCBBB4}.Debug|Any CPU.Build.0 = Debug|Any CPU
		{611313BA-9F35-4F9F-B7B8-9BBA4DBCBBB4}.Release|Any CPU.ActiveCfg = Release|Any CPU
		{611313BA-9F35-4F9F-B7B8-9BBA4DBCBBB4}.Release|Any CPU.Build.0 = Release|Any CPU
		{1AA1F3D2-C17A-437B-AC93-C4B9A1A0E00D}.Debug|Any CPU.ActiveCfg = Debug|Any CPU
		{1AA1F3D2-C17A-437B-AC93-C4B9A1A0E00D}.Debug|Any CPU.Build.0 = Debug|Any CPU
		{1AA1F3D2-C17A-437B-AC93-C4B9A1A0E00D}.Release|Any CPU.ActiveCfg = Release|Any CPU
		{1AA1F3D2-C17A-437B-AC93-C4B9A1A0E00D}.Release|Any CPU.Build.0 = Release|Any CPU
		{8CC6F844-FFAB-4E56-9395-725E05A9D745}.Debug|Any CPU.ActiveCfg = Debug|Any CPU
		{8CC6F844-FFAB-4E56-9395-725E05A9D745}.Debug|Any CPU.Build.0 = Debug|Any CPU
		{8CC6F844-FFAB-4E56-9395-725E05A9D745}.Release|Any CPU.ActiveCfg = Release|Any CPU
		{8CC6F844-FFAB-4E56-9395-725E05A9D745}.Release|Any CPU.Build.0 = Release|Any CPU
		{5623D555-F699-4CB3-970C-01237653F87A}.Debug|Any CPU.ActiveCfg = Debug|Any CPU
		{5623D555-F699-4CB3-970C-01237653F87A}.Debug|Any CPU.Build.0 = Debug|Any CPU
		{5623D555-F699-4CB3-970C-01237653F87A}.Release|Any CPU.ActiveCfg = Release|Any CPU
		{5623D555-F699-4CB3-970C-01237653F87A}.Release|Any CPU.Build.0 = Release|Any CPU
		{DDC74D61-D9B3-4C41-B6D9-9440979FD4B1}.Debug|Any CPU.ActiveCfg = Debug|Any CPU
		{DDC74D61-D9B3-4C41-B6D9-9440979FD4B1}.Debug|Any CPU.Build.0 = Debug|Any CPU
		{DDC74D61-D9B3-4C41-B6D9-9440979FD4B1}.Release|Any CPU.ActiveCfg = Release|Any CPU
		{DDC74D61-D9B3-4C41-B6D9-9440979FD4B1}.Release|Any CPU.Build.0 = Release|Any CPU
		{776C1D70-929F-4DFC-A085-86FCFD6000EB}.Debug|Any CPU.ActiveCfg = Debug|Any CPU
		{776C1D70-929F-4DFC-A085-86FCFD6000EB}.Debug|Any CPU.Build.0 = Debug|Any CPU
		{776C1D70-929F-4DFC-A085-86FCFD6000EB}.Release|Any CPU.ActiveCfg = Release|Any CPU
		{776C1D70-929F-4DFC-A085-86FCFD6000EB}.Release|Any CPU.Build.0 = Release|Any CPU
		{EC8D40BE-0A97-44C5-9A0A-8C5DB9A03261}.Debug|Any CPU.ActiveCfg = Debug|Any CPU
		{EC8D40BE-0A97-44C5-9A0A-8C5DB9A03261}.Debug|Any CPU.Build.0 = Debug|Any CPU
		{EC8D40BE-0A97-44C5-9A0A-8C5DB9A03261}.Release|Any CPU.ActiveCfg = Release|Any CPU
		{EC8D40BE-0A97-44C5-9A0A-8C5DB9A03261}.Release|Any CPU.Build.0 = Release|Any CPU
		{1F99C9E9-72A4-48C7-A9A6-85197D493C6F}.Debug|Any CPU.ActiveCfg = Debug|Any CPU
		{1F99C9E9-72A4-48C7-A9A6-85197D493C6F}.Debug|Any CPU.Build.0 = Debug|Any CPU
		{1F99C9E9-72A4-48C7-A9A6-85197D493C6F}.Release|Any CPU.ActiveCfg = Release|Any CPU
		{1F99C9E9-72A4-48C7-A9A6-85197D493C6F}.Release|Any CPU.Build.0 = Release|Any CPU
		{FEB3295B-2AED-433F-AE52-C0D39FE9B99C}.Debug|Any CPU.ActiveCfg = Debug|Any CPU
		{FEB3295B-2AED-433F-AE52-C0D39FE9B99C}.Debug|Any CPU.Build.0 = Debug|Any CPU
		{FEB3295B-2AED-433F-AE52-C0D39FE9B99C}.Release|Any CPU.ActiveCfg = Release|Any CPU
		{FEB3295B-2AED-433F-AE52-C0D39FE9B99C}.Release|Any CPU.Build.0 = Release|Any CPU
		{2488C4B4-15F7-48A2-BB04-AEDB4759D98D}.Debug|Any CPU.ActiveCfg = Debug|Any CPU
		{2488C4B4-15F7-48A2-BB04-AEDB4759D98D}.Debug|Any CPU.Build.0 = Debug|Any CPU
		{2488C4B4-15F7-48A2-BB04-AEDB4759D98D}.Release|Any CPU.ActiveCfg = Release|Any CPU
		{2488C4B4-15F7-48A2-BB04-AEDB4759D98D}.Release|Any CPU.Build.0 = Release|Any CPU
		{D4A16CBC-F82C-4902-AE30-7842104EB705}.Debug|Any CPU.ActiveCfg = Debug|Any CPU
		{D4A16CBC-F82C-4902-AE30-7842104EB705}.Debug|Any CPU.Build.0 = Debug|Any CPU
		{D4A16CBC-F82C-4902-AE30-7842104EB705}.Release|Any CPU.ActiveCfg = Release|Any CPU
		{D4A16CBC-F82C-4902-AE30-7842104EB705}.Release|Any CPU.Build.0 = Release|Any CPU
		{AE1C4240-9468-4A26-915C-73FCEF9E9F3F}.Debug|Any CPU.ActiveCfg = Debug|Any CPU
		{AE1C4240-9468-4A26-915C-73FCEF9E9F3F}.Debug|Any CPU.Build.0 = Debug|Any CPU
		{AE1C4240-9468-4A26-915C-73FCEF9E9F3F}.Release|Any CPU.ActiveCfg = Release|Any CPU
		{AE1C4240-9468-4A26-915C-73FCEF9E9F3F}.Release|Any CPU.Build.0 = Release|Any CPU
		{067219E5-C801-47F3-9C9A-B4BFE7103F21}.Debug|Any CPU.ActiveCfg = Debug|Any CPU
		{067219E5-C801-47F3-9C9A-B4BFE7103F21}.Debug|Any CPU.Build.0 = Debug|Any CPU
		{067219E5-C801-47F3-9C9A-B4BFE7103F21}.Release|Any CPU.ActiveCfg = Release|Any CPU
		{067219E5-C801-47F3-9C9A-B4BFE7103F21}.Release|Any CPU.Build.0 = Release|Any CPU
		{7DE33674-2368-48A9-B48A-81B1DB1697BD}.Debug|Any CPU.ActiveCfg = Debug|Any CPU
		{7DE33674-2368-48A9-B48A-81B1DB1697BD}.Debug|Any CPU.Build.0 = Debug|Any CPU
		{7DE33674-2368-48A9-B48A-81B1DB1697BD}.Release|Any CPU.ActiveCfg = Release|Any CPU
		{7DE33674-2368-48A9-B48A-81B1DB1697BD}.Release|Any CPU.Build.0 = Release|Any CPU
		{D5D95CC1-1AF9-4D6A-A965-174F49622A73}.Debug|Any CPU.ActiveCfg = Debug|Any CPU
		{D5D95CC1-1AF9-4D6A-A965-174F49622A73}.Debug|Any CPU.Build.0 = Debug|Any CPU
		{D5D95CC1-1AF9-4D6A-A965-174F49622A73}.Release|Any CPU.ActiveCfg = Release|Any CPU
		{D5D95CC1-1AF9-4D6A-A965-174F49622A73}.Release|Any CPU.Build.0 = Release|Any CPU
	EndGlobalSection
	GlobalSection(SolutionProperties) = preSolution
		HideSolutionNode = FALSE
	EndGlobalSection
	GlobalSection(NestedProjects) = preSolution
		{3AFF6C54-DFCD-45E5-814B-3662B298A55D} = {F03E1A06-990F-4F59-A80F-E8EAFB69CC13}
		{87E36B19-D8E1-49D4-BBD9-35C25F45FB75} = {F03E1A06-990F-4F59-A80F-E8EAFB69CC13}
		{92BCFE6A-4070-4D74-88B3-95BD4831E7FA} = {F03E1A06-990F-4F59-A80F-E8EAFB69CC13}
		{17DD7789-BD98-4F07-872F-204863BA21C9} = {F03E1A06-990F-4F59-A80F-E8EAFB69CC13}
		{A04C454C-FC30-4C2A-899F-5A810D24415B} = {F03E1A06-990F-4F59-A80F-E8EAFB69CC13}
		{4AF4EBA6-6687-4AC9-81DD-C857ABA63B99} = {3AFF6C54-DFCD-45E5-814B-3662B298A55D}
		{636F22DC-E2CB-44EC-A032-C69336177812} = {87E36B19-D8E1-49D4-BBD9-35C25F45FB75}
		{7C618F81-4935-4E17-B10C-13E1601D2F20} = {87E36B19-D8E1-49D4-BBD9-35C25F45FB75}
		{B20E36EF-03A1-4852-8C7B-0516946DDE45} = {87E36B19-D8E1-49D4-BBD9-35C25F45FB75}
		{D0B04BA8-FE6B-4F54-990E-84BA9F414E67} = {87E36B19-D8E1-49D4-BBD9-35C25F45FB75}
		{546CD59D-ACE1-4C0D-915B-C9FC4853A501} = {92BCFE6A-4070-4D74-88B3-95BD4831E7FA}
		{565F4DEB-F0FB-4002-A499-2FC1920FB161} = {17DD7789-BD98-4F07-872F-204863BA21C9}
		{27403090-C661-4D55-BE20-DC567D5D308D} = {4AD498EF-3201-4B40-994F-440AFA6ED2BD}
		{144D23DC-5175-4E6F-8CCB-8A5960B2E43E} = {4AD498EF-3201-4B40-994F-440AFA6ED2BD}
		{A969029A-7CDE-4014-B775-A850676E9D8A} = {4AD498EF-3201-4B40-994F-440AFA6ED2BD}
		{DBD6B927-F367-490C-82FC-F614504303AE} = {4AD498EF-3201-4B40-994F-440AFA6ED2BD}
		{857C151C-BCCE-4626-AE05-514D460E082C} = {4AD498EF-3201-4B40-994F-440AFA6ED2BD}
		{388973EB-41A3-4676-822C-3FCA2545C642} = {4AD498EF-3201-4B40-994F-440AFA6ED2BD}
		{35982054-03B4-4255-8B69-EC375977DAA3} = {4AD498EF-3201-4B40-994F-440AFA6ED2BD}
		{AE03E758-4D49-4855-BB53-27440DA0D553} = {4AD498EF-3201-4B40-994F-440AFA6ED2BD}
		{55516E05-4B15-4D1C-87B9-DE51B2BE8F59} = {4AD498EF-3201-4B40-994F-440AFA6ED2BD}
		{DA8C7A3A-4F0F-481A-8282-9487B4D9EE45} = {4AD498EF-3201-4B40-994F-440AFA6ED2BD}
		{679FCD46-1C3D-4622-97D0-05678B66A59F} = {4AD498EF-3201-4B40-994F-440AFA6ED2BD}
		{409B8804-62A5-4395-9925-E0C4BF8B4B38} = {4AD498EF-3201-4B40-994F-440AFA6ED2BD}
		{6421C11D-0DA7-40C0-B433-A030D78FD3EF} = {4AD498EF-3201-4B40-994F-440AFA6ED2BD}
		{1F99C9E9-72A4-48C7-A9A6-85197D493C6F} = {4AD498EF-3201-4B40-994F-440AFA6ED2BD}
		{3E961811-7D05-4CF7-8A23-1632FCC5F94B} = {4F5DA427-3530-401C-BE22-21388598DA54}
		{7D71105C-D484-463E-B6E0-872C19402200} = {FA45C64E-BDDE-458D-90DD-08499F934337}
		{1A04F210-443C-4795-A490-DE99111E7C4A} = {FA45C64E-BDDE-458D-90DD-08499F934337}
		{148AD585-41F7-4FA7-AE70-8DD3255B5C73} = {FA45C64E-BDDE-458D-90DD-08499F934337}
		{AB80C92A-E21D-4718-803D-748614B02E77} = {FA45C64E-BDDE-458D-90DD-08499F934337}
		{DC7BEB88-153F-45EF-9056-E3276A03C8DF} = {2845EC60-44BE-4CD4-9FB2-55391DB9DE86}
		{524D07DE-3554-4F1D-A4D7-29D374FBC213} = {E5AE1BFB-D225-4E16-B2F6-0B77AB55BBD1}
		{3CE3B93D-BF45-4FC0-947E-2E180DD064A6} = {388973EB-41A3-4676-822C-3FCA2545C642}
		{2488C4B4-15F7-48A2-BB04-AEDB4759D98D} = {388973EB-41A3-4676-822C-3FCA2545C642}
		{4092472F-0BE8-497B-B28F-B61E6DAAFA1C} = {5C23B701-9794-4594-8133-BDBBE4878AB5}
		{36423FFF-433F-4AC0-AF3D-3B698DBE11D8} = {5C23B701-9794-4594-8133-BDBBE4878AB5}
		{1E6BED45-9C13-43B8-9629-0C9C4DC55B9B} = {5C23B701-9794-4594-8133-BDBBE4878AB5}
		{643FA1F4-B52C-40F9-B374-37A34E8E8918} = {5C23B701-9794-4594-8133-BDBBE4878AB5}
		{3157FA39-9E09-4226-A1B6-7C7B6F048FFD} = {5C23B701-9794-4594-8133-BDBBE4878AB5}
		{0D55A812-1B92-4C91-AEAB-6FE7A1EC190F} = {5C23B701-9794-4594-8133-BDBBE4878AB5}
		{0753D728-4146-44BD-93DC-19FF5A4952F9} = {5C23B701-9794-4594-8133-BDBBE4878AB5}
		{897A1FC9-0D05-4B02-AABA-5DCDED5A56B0} = {5C23B701-9794-4594-8133-BDBBE4878AB5}
		{12A3827E-8937-4C54-8FF4-1344E26D066A} = {5C23B701-9794-4594-8133-BDBBE4878AB5}
		{B916547F-F3C3-4DA8-9297-BC333FF1B3B0} = {5C23B701-9794-4594-8133-BDBBE4878AB5}
		{F7F2DD5E-4FE8-4587-B03D-B88BF7A43FD1} = {90DA550C-FF57-4995-B16E-74C4A3B9B075}
		{A7F214F2-BCC9-44C6-A382-806F2AF51279} = {90DA550C-FF57-4995-B16E-74C4A3B9B075}
		{C9D771C0-DECE-4384-8EE5-6F7D0DB5A608} = {90DA550C-FF57-4995-B16E-74C4A3B9B075}
		{2603DC47-F7F4-4716-B698-D3BFBA7E5859} = {90DA550C-FF57-4995-B16E-74C4A3B9B075}
		{ABDF6FC5-7E1C-4A48-8DD2-A6BAAC548370} = {90DA550C-FF57-4995-B16E-74C4A3B9B075}
		{E7EB6543-4A24-4F55-B5D2-130428B41A14} = {F7F2DD5E-4FE8-4587-B03D-B88BF7A43FD1}
		{52743855-56B1-45BD-BB28-BFA347DF25A1} = {A7F214F2-BCC9-44C6-A382-806F2AF51279}
		{2F3FF340-4699-4AD3-B992-FF84D99C7182} = {A7F214F2-BCC9-44C6-A382-806F2AF51279}
		{28353AD3-47A2-4E18-8CD7-942BF39B83C3} = {C9D771C0-DECE-4384-8EE5-6F7D0DB5A608}
		{BBA07B22-B380-429D-821B-11FEFF98CD5D} = {C9D771C0-DECE-4384-8EE5-6F7D0DB5A608}
		{87E13AD9-DEAC-4350-B434-C17A2446D5BF} = {2603DC47-F7F4-4716-B698-D3BFBA7E5859}
		{701B2974-4964-4C1C-86A4-B414565EEAE0} = {0BFC4FAC-53C1-482E-B216-82221CFA6DA1}
		{283F2B64-1C28-474B-88BD-EC60E8073D38} = {701B2974-4964-4C1C-86A4-B414565EEAE0}
		{611313BA-9F35-4F9F-B7B8-9BBA4DBCBBB4} = {701B2974-4964-4C1C-86A4-B414565EEAE0}
		{1AA1F3D2-C17A-437B-AC93-C4B9A1A0E00D} = {701B2974-4964-4C1C-86A4-B414565EEAE0}
		{8CC6F844-FFAB-4E56-9395-725E05A9D745} = {701B2974-4964-4C1C-86A4-B414565EEAE0}
		{5623D555-F699-4CB3-970C-01237653F87A} = {701B2974-4964-4C1C-86A4-B414565EEAE0}
		{DDC74D61-D9B3-4C41-B6D9-9440979FD4B1} = {701B2974-4964-4C1C-86A4-B414565EEAE0}
		{776C1D70-929F-4DFC-A085-86FCFD6000EB} = {701B2974-4964-4C1C-86A4-B414565EEAE0}
		{EC8D40BE-0A97-44C5-9A0A-8C5DB9A03261} = {701B2974-4964-4C1C-86A4-B414565EEAE0}
		{FEB3295B-2AED-433F-AE52-C0D39FE9B99C} = {701B2974-4964-4C1C-86A4-B414565EEAE0}
		{D4A16CBC-F82C-4902-AE30-7842104EB705} = {701B2974-4964-4C1C-86A4-B414565EEAE0}
		{AE1C4240-9468-4A26-915C-73FCEF9E9F3F} = {7427EF0D-36E5-4482-BD06-AA853D859231}
		{067219E5-C801-47F3-9C9A-B4BFE7103F21} = {104F99CC-A3C2-4E7A-AC14-41707CB964A3}
		{B7E6C02E-58FB-4272-9127-A189372A9704} = {104F99CC-A3C2-4E7A-AC14-41707CB964A3}
		{7DE33674-2368-48A9-B48A-81B1DB1697BD} = {B7E6C02E-58FB-4272-9127-A189372A9704}
	EndGlobalSection
EndGlobal
